# This file was autogenerated by Stack.
# You should not edit this file by hand.
# For more information, please see the documentation at:
#   https://docs.haskellstack.org/en/stable/lock_files

packages:
- completed:
    hackage: z3-408.2@sha256:1f8b6ccbcc6d06a6701900a09fcfcbaf86ed8a8495615710bef4da5cdb073a3f,4226
    pantry-tree:
      size: 1476
      sha256: e8562391054f4e07035ab25e1c7ecfba687a46e15aefee4c588b6434dc0b93d8
  original:
    hackage: z3-408.2@sha256:1f8b6ccbcc6d06a6701900a09fcfcbaf86ed8a8495615710bef4da5cdb073a3f,4226
- completed:
    size: 27201
    url: https://github.com/wooshrow/gclparser/archive/c9c50186d55fdc29df1f5b40cb13689943f945c1.tar.gz
    name: GCLparser
    version: 0.2.1
    sha256: bc36d4ec2f30253ff9bba8a2dc9e5da5acce116a916dd3115f98c1d58f22e50c
    pantry-tree:
      size: 1641
      sha256: 201121a10c3d349212978a918bf2f49888c30d8066758afb0d313fc48b23f8ad
  original:
    url: https://github.com/wooshrow/gclparser/archive/c9c50186d55fdc29df1f5b40cb13689943f945c1.tar.gz
snapshots:
- completed:
    size: 587113
    url: https://raw.githubusercontent.com/commercialhaskell/stackage-snapshots/master/lts/18/6.yaml
    sha256: f74c482d7c93739ecf3abfbc0f2dea1c20a2dfb2462c689846ed55a9653b66f7
  original:
    url: https://raw.githubusercontent.com/commercialhaskell/stackage-snapshots/master/lts/18/6.yaml
